
Microsoft Visual Studio Solution File, Format Version 12.00
# Visual Studio 15
VisualStudioVersion = 15.0.26430.13
MinimumVisualStudioVersion = 10.0.40219.1
Project("{E24C65DC-7377-472B-9ABA-BC803B73C61A}") = "WorkplacePlanner.Web", "WorkplacePlanner.Web\", "{9B124D2F-49D8-48D5-AED9-C8C58FF01961}"
	ProjectSection(WebsiteProperties) = preProject
		TargetFrameworkMoniker = ".NETFramework,Version%3Dv4.0"
		Debug.AspNetCompiler.VirtualPath = "/localhost_1859"
		Debug.AspNetCompiler.PhysicalPath = "WorkplacePlanner.Web\"
		Debug.AspNetCompiler.TargetPath = "PrecompiledWeb\localhost_1859\"
		Debug.AspNetCompiler.Updateable = "true"
		Debug.AspNetCompiler.ForceOverwrite = "true"
		Debug.AspNetCompiler.FixedNames = "false"
		Debug.AspNetCompiler.Debug = "True"
		Release.AspNetCompiler.VirtualPath = "/localhost_1859"
		Release.AspNetCompiler.PhysicalPath = "WorkplacePlanner.Web\"
		Release.AspNetCompiler.TargetPath = "PrecompiledWeb\localhost_1859\"
		Release.AspNetCompiler.Updateable = "true"
		Release.AspNetCompiler.ForceOverwrite = "true"
		Release.AspNetCompiler.FixedNames = "false"
		Release.AspNetCompiler.Debug = "False"
		VWDPort = "1859"
		SlnRelativePath = "WorkplacePlanner.Web\"
	EndProjectSection
EndProject
Project("{9A19103F-16F7-4668-BE54-9A1E7A4F7556}") = "WorkplacePlanner.Data", "WorkplacePlanner.Data\WorkplacePlanner.Data.csproj", "{84AE256C-AFF7-4864-8BAC-85A75FAC3B67}"
EndProject
Project("{9A19103F-16F7-4668-BE54-9A1E7A4F7556}") = "WorkPlacePlanner.Domain", "WorkPlacePlanner.Domain\WorkPlacePlanner.Domain.csproj", "{042D13FD-B7AE-4C17-967A-C04257D24962}"
EndProject
Project("{FAE04EC0-301F-11D3-BF4B-00C04F79EFBC}") = "WorkplacePlanner.Test", "WorkplacePlanner.Test\WorkplacePlanner.Test.csproj", "{2FC2C43E-D91F-4AB0-A14A-1395EAE6F846}"
EndProject
Project("{FAE04EC0-301F-11D3-BF4B-00C04F79EFBC}") = "WorkplacePlanner.Services", "WorkplacePlanner.Services\WorkplacePlanner.Services.csproj", "{437B0A89-CB95-46D6-B7B9-E87C7D307C46}"
EndProject
Project("{FAE04EC0-301F-11D3-BF4B-00C04F79EFBC}") = "WorkplacePlanner.WebApi", "WorkplacePlanner.WebApi\WorkplacePlanner.WebApi.csproj", "{43B47641-D996-45A3-9B5D-8ADDB5104CD3}"
EndProject
Project("{FAE04EC0-301F-11D3-BF4B-00C04F79EFBC}") = "WorkplacePlanner.Utills", "WorkplacePlanner.Utills\WorkplacePlanner.Utills.csproj", "{ACAC6973-A04B-40CC-BCB6-AAB8DE716C03}"
EndProject
Global
	GlobalSection(SolutionConfigurationPlatforms) = preSolution
		Debug|Any CPU = Debug|Any CPU
		Release|Any CPU = Release|Any CPU
	EndGlobalSection
	GlobalSection(ProjectConfigurationPlatforms) = postSolution
		{9B124D2F-49D8-48D5-AED9-C8C58FF01961}.Debug|Any CPU.ActiveCfg = Debug|Any CPU
		{9B124D2F-49D8-48D5-AED9-C8C58FF01961}.Release|Any CPU.ActiveCfg = Debug|Any CPU
		{9B124D2F-49D8-48D5-AED9-C8C58FF01961}.Release|Any CPU.Build.0 = Debug|Any CPU
		{84AE256C-AFF7-4864-8BAC-85A75FAC3B67}.Debug|Any CPU.ActiveCfg = Debug|Any CPU
		{84AE256C-AFF7-4864-8BAC-85A75FAC3B67}.Debug|Any CPU.Build.0 = Debug|Any CPU
		{84AE256C-AFF7-4864-8BAC-85A75FAC3B67}.Release|Any CPU.ActiveCfg = Release|Any CPU
		{84AE256C-AFF7-4864-8BAC-85A75FAC3B67}.Release|Any CPU.Build.0 = Release|Any CPU
		{042D13FD-B7AE-4C17-967A-C04257D24962}.Debug|Any CPU.ActiveCfg = Debug|Any CPU
		{042D13FD-B7AE-4C17-967A-C04257D24962}.Debug|Any CPU.Build.0 = Debug|Any CPU
		{042D13FD-B7AE-4C17-967A-C04257D24962}.Release|Any CPU.ActiveCfg = Release|Any CPU
		{042D13FD-B7AE-4C17-967A-C04257D24962}.Release|Any CPU.Build.0 = Release|Any CPU
		{2FC2C43E-D91F-4AB0-A14A-1395EAE6F846}.Debug|Any CPU.ActiveCfg = Debug|Any CPU
		{2FC2C43E-D91F-4AB0-A14A-1395EAE6F846}.Debug|Any CPU.Build.0 = Debug|Any CPU
		{2FC2C43E-D91F-4AB0-A14A-1395EAE6F846}.Release|Any CPU.ActiveCfg = Release|Any CPU
		{2FC2C43E-D91F-4AB0-A14A-1395EAE6F846}.Release|Any CPU.Build.0 = Release|Any CPU
		{437B0A89-CB95-46D6-B7B9-E87C7D307C46}.Debug|Any CPU.ActiveCfg = Debug|Any CPU
		{437B0A89-CB95-46D6-B7B9-E87C7D307C46}.Debug|Any CPU.Build.0 = Debug|Any CPU
		{437B0A89-CB95-46D6-B7B9-E87C7D307C46}.Release|Any CPU.ActiveCfg = Release|Any CPU
		{437B0A89-CB95-46D6-B7B9-E87C7D307C46}.Release|Any CPU.Build.0 = Release|Any CPU
		{43B47641-D996-45A3-9B5D-8ADDB5104CD3}.Debug|Any CPU.ActiveCfg = Debug|Any CPU
		{43B47641-D996-45A3-9B5D-8ADDB5104CD3}.Debug|Any CPU.Build.0 = Debug|Any CPU
		{43B47641-D996-45A3-9B5D-8ADDB5104CD3}.Release|Any CPU.ActiveCfg = Release|Any CPU
		{43B47641-D996-45A3-9B5D-8ADDB5104CD3}.Release|Any CPU.Build.0 = Release|Any CPU
		{ACAC6973-A04B-40CC-BCB6-AAB8DE716C03}.Debug|Any CPU.ActiveCfg = Debug|Any CPU
		{ACAC6973-A04B-40CC-BCB6-AAB8DE716C03}.Debug|Any CPU.Build.0 = Debug|Any CPU
		{ACAC6973-A04B-40CC-BCB6-AAB8DE716C03}.Release|Any CPU.ActiveCfg = Release|Any CPU
		{ACAC6973-A04B-40CC-BCB6-AAB8DE716C03}.Release|Any CPU.Build.0 = Release|Any CPU
	EndGlobalSection
	GlobalSection(SolutionProperties) = preSolution
		HideSolutionNode = FALSE
	EndGlobalSection
EndGlobal
